
Microsoft Visual Studio Solution File, Format Version 12.00
# Visual Studio Version 16
VisualStudioVersion = 16.0.31205.134
MinimumVisualStudioVersion = 10.0.40219.1
Project("{9A19103F-16F7-4668-BE54-9A1E7A4F7556}") = "DemoApp.WebUI", "DemoApp.WebUI\DemoApp.WebUI.csproj", "{2F3612ED-BFF8-4A84-B1FB-78225EB54617}"
EndProject
Project("{9A19103F-16F7-4668-BE54-9A1E7A4F7556}") = "DemoApp.DAL", "DemoApp.DAL\DemoApp.DAL.csproj", "{BF65D103-C5E9-4124-B08F-C2D4C82FF232}"
EndProject
Project("{9A19103F-16F7-4668-BE54-9A1E7A4F7556}") = "DemoApp.Repository", "DemoApp.Repositry\DemoApp.Repository.csproj", "{FB877AC3-95B1-4DC7-A9E8-F81D8A863962}"
EndProject
Project("{9A19103F-16F7-4668-BE54-9A1E7A4F7556}") = "DemoApp.DomainModels", "DemoApp.DomainModels\DemoApp.DomainModels.csproj", "{D583FD8D-ADD8-45CC-87A4-F03326B7A0EE}"
EndProject
Project("{FAE04EC0-301F-11D3-BF4B-00C04F79EFBC}") = "DemoApp.WebAPI", "DemoApp.WebAPI\DemoApp.WebAPI.csproj", "{52B1322F-0B94-4342-B1B6-C89F0A0101B6}"
EndProject
Global
	GlobalSection(SolutionConfigurationPlatforms) = preSolution
		Debug|Any CPU = Debug|Any CPU
		Release|Any CPU = Release|Any CPU
	EndGlobalSection
	GlobalSection(ProjectConfigurationPlatforms) = postSolution
		{2F3612ED-BFF8-4A84-B1FB-78225EB54617}.Debug|Any CPU.ActiveCfg = Debug|Any CPU
		{2F3612ED-BFF8-4A84-B1FB-78225EB54617}.Debug|Any CPU.Build.0 = Debug|Any CPU
		{2F3612ED-BFF8-4A84-B1FB-78225EB54617}.Release|Any CPU.ActiveCfg = Release|Any CPU
		{2F3612ED-BFF8-4A84-B1FB-78225EB54617}.Release|Any CPU.Build.0 = Release|Any CPU
		{BF65D103-C5E9-4124-B08F-C2D4C82FF232}.Debug|Any CPU.ActiveCfg = Debug|Any CPU
		{BF65D103-C5E9-4124-B08F-C2D4C82FF232}.Debug|Any CPU.Build.0 = Debug|Any CPU
		{BF65D103-C5E9-4124-B08F-C2D4C82FF232}.Release|Any CPU.ActiveCfg = Release|Any CPU
		{BF65D103-C5E9-4124-B08F-C2D4C82FF232}.Release|Any CPU.Build.0 = Release|Any CPU
		{FB877AC3-95B1-4DC7-A9E8-F81D8A863962}.Debug|Any CPU.ActiveCfg = Debug|Any CPU
		{FB877AC3-95B1-4DC7-A9E8-F81D8A863962}.Debug|Any CPU.Build.0 = Debug|Any CPU
		{FB877AC3-95B1-4DC7-A9E8-F81D8A863962}.Release|Any CPU.ActiveCfg = Release|Any CPU
		{FB877AC3-95B1-4DC7-A9E8-F81D8A863962}.Release|Any CPU.Build.0 = Release|Any CPU
		{D583FD8D-ADD8-45CC-87A4-F03326B7A0EE}.Debug|Any CPU.ActiveCfg = Debug|Any CPU
		{D583FD8D-ADD8-45CC-87A4-F03326B7A0EE}.Debug|Any CPU.Build.0 = Debug|Any CPU
		{D583FD8D-ADD8-45CC-87A4-F03326B7A0EE}.Release|Any CPU.ActiveCfg = Release|Any CPU
		{D583FD8D-ADD8-45CC-87A4-F03326B7A0EE}.Release|Any CPU.Build.0 = Release|Any CPU
		{52B1322F-0B94-4342-B1B6-C89F0A0101B6}.Debug|Any CPU.ActiveCfg = Debug|Any CPU
		{52B1322F-0B94-4342-B1B6-C89F0A0101B6}.Debug|Any CPU.Build.0 = Debug|Any CPU
		{52B1322F-0B94-4342-B1B6-C89F0A0101B6}.Release|Any CPU.ActiveCfg = Release|Any CPU
		{52B1322F-0B94-4342-B1B6-C89F0A0101B6}.Release|Any CPU.Build.0 = Release|Any CPU
	EndGlobalSection
	GlobalSection(SolutionProperties) = preSolution
		HideSolutionNode = FALSE
	EndGlobalSection
	GlobalSection(ExtensibilityGlobals) = postSolution
		SolutionGuid = {2483BF69-5C1C-4E0F-93EE-47A57DD1C95C}
	EndGlobalSection
EndGlobal
